
Microsoft Visual Studio Solution File, Format Version 12.00
# Visual Studio 2013
VisualStudioVersion = 12.0.30501.0
MinimumVisualStudioVersion = 10.0.40219.1
Project("{FAE04EC0-301F-11D3-BF4B-00C04F79EFBC}") = "D2DB", "D2DB\D2DB.csproj", "{CD189A7F-4A99-4D26-93A7-65120CA64960}"
EndProject
Global
	GlobalSection(SolutionConfigurationPlatforms) = preSolution
		Debug|Any CPU = Debug|Any CPU
		Release|Any CPU = Release|Any CPU
	EndGlobalSection
	GlobalSection(ProjectConfigurationPlatforms) = postSolution
		{CD189A7F-4A99-4D26-93A7-65120CA64960}.Debug|Any CPU.ActiveCfg = Debug|Any CPU
		{CD189A7F-4A99-4D26-93A7-65120CA64960}.Debug|Any CPU.Build.0 = Debug|Any CPU
		{CD189A7F-4A99-4D26-93A7-65120CA64960}.Release|Any CPU.ActiveCfg = Release|Any CPU
		{CD189A7F-4A99-4D26-93A7-65120CA64960}.Release|Any CPU.Build.0 = Release|Any CPU
	EndGlobalSection
	GlobalSection(SolutionProperties) = preSolution
		HideSolutionNode = FALSE
	EndGlobalSection
EndGlobal
